
Microsoft Visual Studio Solution File, Format Version 12.00
# Visual Studio Version 17
VisualStudioVersion = 17.9.34622.214
MinimumVisualStudioVersion = 10.0.40219.1
Project("{2150E333-8FDC-42A3-9474-1A3956D46DE8}") = "Module", "Module", "{0844BCDE-4AF4-454B-B68B-23CC4E5778B1}"
EndProject
Project("{2150E333-8FDC-42A3-9474-1A3956D46DE8}") = "Product", "Product", "{6DB43F98-8DDE-4EF5-9A82-E06E7CE9FF4F}"
EndProject
Project("{2150E333-8FDC-42A3-9474-1A3956D46DE8}") = "Order", "Order", "{D56BFEE5-CC87-4AB8-8ED7-51533B5CA86B}"
EndProject
Project("{2150E333-8FDC-42A3-9474-1A3956D46DE8}") = "Stock", "Stock", "{44AA4F65-EA74-46A7-8E0C-53AC5C3795EC}"
EndProject
Project("{FAE04EC0-301F-11D3-BF4B-00C04F79EFBC}") = "MainModul", "MainModul\MainModul.csproj", "{7E92416A-13BF-4B68-8CA8-61C2C1C93F73}"
EndProject
Project("{FAE04EC0-301F-11D3-BF4B-00C04F79EFBC}") = "OrderModul.Domain", "OrderModul\OrderModul.Domain.csproj", "{4ACA01E2-B41A-42DC-865D-538C5E0260C7}"
EndProject
Project("{FAE04EC0-301F-11D3-BF4B-00C04F79EFBC}") = "OrderModul.Application", "OrderModul.Application\OrderModul.Application.csproj", "{66933C6F-6277-48C3-97FB-3CD66A17B001}"
EndProject
Project("{FAE04EC0-301F-11D3-BF4B-00C04F79EFBC}") = "OrderModul.InPresentation", "OrderModul.InPresentation\OrderModul.InPresentation.csproj", "{DE0BB863-15DF-4290-8B36-02C754F69FF7}"
EndProject
Project("{FAE04EC0-301F-11D3-BF4B-00C04F79EFBC}") = "OrderModul.Infrastucture", "OrderModul.Infrastucture\OrderModul.Infrastucture.csproj", "{7A17C92A-2FE9-417F-90EE-B13F4D8A74F8}"
EndProject
Project("{FAE04EC0-301F-11D3-BF4B-00C04F79EFBC}") = "ProductModul.Domain", "ProductModul.Domain\ProductModul.Domain.csproj", "{E4E74294-D053-4416-9DFA-40555D47C6E2}"
EndProject
Project("{FAE04EC0-301F-11D3-BF4B-00C04F79EFBC}") = "ProductModule.Application", "ProductModule.Application\ProductModule.Application.csproj", "{29022AF9-FA68-441A-8296-895FC1F2C673}"
EndProject
Project("{FAE04EC0-301F-11D3-BF4B-00C04F79EFBC}") = "ProductModule.Infrastruction", "ProductModule.Infrastruction\ProductModule.Infrastruction.csproj", "{E83A21D5-A48E-4158-898B-C4441B1506C7}"
EndProject
Project("{FAE04EC0-301F-11D3-BF4B-00C04F79EFBC}") = "ProductModular.Presentation", "ProductModular.Presentation\ProductModular.Presentation.csproj", "{1A095428-2A03-401C-80EE-2B1EA330C4E7}"
EndProject
Project("{FAE04EC0-301F-11D3-BF4B-00C04F79EFBC}") = "StockModul.Domain", "StockModul.Domain\StockModul.Domain.csproj", "{CC437683-AADE-4D13-9F7D-A9BB69F68670}"
EndProject
Project("{FAE04EC0-301F-11D3-BF4B-00C04F79EFBC}") = "StockModul.Infrastruction", "StockModul.Infrastruction\StockModul.Infrastruction.csproj", "{6B98F256-3281-42A8-BBB2-BEE741004EFD}"
EndProject
Project("{FAE04EC0-301F-11D3-BF4B-00C04F79EFBC}") = "StockModul.Application", "StockModul.Application\StockModul.Application.csproj", "{7D67A1FD-A7F3-484D-B773-41728892D2DC}"
EndProject
Project("{FAE04EC0-301F-11D3-BF4B-00C04F79EFBC}") = "Contract", "Contract\Contract.csproj", "{E0B607FB-9199-4166-9DD3-2A6A476FB07F}"
EndProject
Project("{FAE04EC0-301F-11D3-BF4B-00C04F79EFBC}") = "ProductModul.Shared", "ProductModul.Shared\ProductModul.Shared.csproj", "{90FDD1A7-8AFB-4981-8081-64521A88EB57}"
EndProject
Project("{FAE04EC0-301F-11D3-BF4B-00C04F79EFBC}") = "StockModul.Shared", "StockModul.Shared\StockModul.Shared.csproj", "{C186E560-9EC5-4148-9B08-01E34D541891}"
EndProject
Global
	GlobalSection(SolutionConfigurationPlatforms) = preSolution
		Debug|Any CPU = Debug|Any CPU
		Release|Any CPU = Release|Any CPU
	EndGlobalSection
	GlobalSection(ProjectConfigurationPlatforms) = postSolution
		{7E92416A-13BF-4B68-8CA8-61C2C1C93F73}.Debug|Any CPU.ActiveCfg = Debug|Any CPU
		{7E92416A-13BF-4B68-8CA8-61C2C1C93F73}.Debug|Any CPU.Build.0 = Debug|Any CPU
		{7E92416A-13BF-4B68-8CA8-61C2C1C93F73}.Release|Any CPU.ActiveCfg = Release|Any CPU
		{7E92416A-13BF-4B68-8CA8-61C2C1C93F73}.Release|Any CPU.Build.0 = Release|Any CPU
		{4ACA01E2-B41A-42DC-865D-538C5E0260C7}.Debug|Any CPU.ActiveCfg = Debug|Any CPU
		{4ACA01E2-B41A-42DC-865D-538C5E0260C7}.Debug|Any CPU.Build.0 = Debug|Any CPU
		{4ACA01E2-B41A-42DC-865D-538C5E0260C7}.Release|Any CPU.ActiveCfg = Release|Any CPU
		{4ACA01E2-B41A-42DC-865D-538C5E0260C7}.Release|Any CPU.Build.0 = Release|Any CPU
		{66933C6F-6277-48C3-97FB-3CD66A17B001}.Debug|Any CPU.ActiveCfg = Debug|Any CPU
		{66933C6F-6277-48C3-97FB-3CD66A17B001}.Debug|Any CPU.Build.0 = Debug|Any CPU
		{66933C6F-6277-48C3-97FB-3CD66A17B001}.Release|Any CPU.ActiveCfg = Release|Any CPU
		{66933C6F-6277-48C3-97FB-3CD66A17B001}.Release|Any CPU.Build.0 = Release|Any CPU
		{DE0BB863-15DF-4290-8B36-02C754F69FF7}.Debug|Any CPU.ActiveCfg = Debug|Any CPU
		{DE0BB863-15DF-4290-8B36-02C754F69FF7}.Debug|Any CPU.Build.0 = Debug|Any CPU
		{DE0BB863-15DF-4290-8B36-02C754F69FF7}.Release|Any CPU.ActiveCfg = Release|Any CPU
		{DE0BB863-15DF-4290-8B36-02C754F69FF7}.Release|Any CPU.Build.0 = Release|Any CPU
		{7A17C92A-2FE9-417F-90EE-B13F4D8A74F8}.Debug|Any CPU.ActiveCfg = Debug|Any CPU
		{7A17C92A-2FE9-417F-90EE-B13F4D8A74F8}.Debug|Any CPU.Build.0 = Debug|Any CPU
		{7A17C92A-2FE9-417F-90EE-B13F4D8A74F8}.Release|Any CPU.ActiveCfg = Release|Any CPU
		{7A17C92A-2FE9-417F-90EE-B13F4D8A74F8}.Release|Any CPU.Build.0 = Release|Any CPU
		{E4E74294-D053-4416-9DFA-40555D47C6E2}.Debug|Any CPU.ActiveCfg = Debug|Any CPU
		{E4E74294-D053-4416-9DFA-40555D47C6E2}.Debug|Any CPU.Build.0 = Debug|Any CPU
		{E4E74294-D053-4416-9DFA-40555D47C6E2}.Release|Any CPU.ActiveCfg = Release|Any CPU
		{E4E74294-D053-4416-9DFA-40555D47C6E2}.Release|Any CPU.Build.0 = Release|Any CPU
		{29022AF9-FA68-441A-8296-895FC1F2C673}.Debug|Any CPU.ActiveCfg = Debug|Any CPU
		{29022AF9-FA68-441A-8296-895FC1F2C673}.Debug|Any CPU.Build.0 = Debug|Any CPU
		{29022AF9-FA68-441A-8296-895FC1F2C673}.Release|Any CPU.ActiveCfg = Release|Any CPU
		{29022AF9-FA68-441A-8296-895FC1F2C673}.Release|Any CPU.Build.0 = Release|Any CPU
		{E83A21D5-A48E-4158-898B-C4441B1506C7}.Debug|Any CPU.ActiveCfg = Debug|Any CPU
		{E83A21D5-A48E-4158-898B-C4441B1506C7}.Debug|Any CPU.Build.0 = Debug|Any CPU
		{E83A21D5-A48E-4158-898B-C4441B1506C7}.Release|Any CPU.ActiveCfg = Release|Any CPU
		{E83A21D5-A48E-4158-898B-C4441B1506C7}.Release|Any CPU.Build.0 = Release|Any CPU
		{1A095428-2A03-401C-80EE-2B1EA330C4E7}.Debug|Any CPU.ActiveCfg = Debug|Any CPU
		{1A095428-2A03-401C-80EE-2B1EA330C4E7}.Debug|Any CPU.Build.0 = Debug|Any CPU
		{1A095428-2A03-401C-80EE-2B1EA330C4E7}.Release|Any CPU.ActiveCfg = Release|Any CPU
		{1A095428-2A03-401C-80EE-2B1EA330C4E7}.Release|Any CPU.Build.0 = Release|Any CPU
		{CC437683-AADE-4D13-9F7D-A9BB69F68670}.Debug|Any CPU.ActiveCfg = Debug|Any CPU
		{CC437683-AADE-4D13-9F7D-A9BB69F68670}.Debug|Any CPU.Build.0 = Debug|Any CPU
		{CC437683-AADE-4D13-9F7D-A9BB69F68670}.Release|Any CPU.ActiveCfg = Release|Any CPU
		{CC437683-AADE-4D13-9F7D-A9BB69F68670}.Release|Any CPU.Build.0 = Release|Any CPU
		{6B98F256-3281-42A8-BBB2-BEE741004EFD}.Debug|Any CPU.ActiveCfg = Debug|Any CPU
		{6B98F256-3281-42A8-BBB2-BEE741004EFD}.Debug|Any CPU.Build.0 = Debug|Any CPU
		{6B98F256-3281-42A8-BBB2-BEE741004EFD}.Release|Any CPU.ActiveCfg = Release|Any CPU
		{6B98F256-3281-42A8-BBB2-BEE741004EFD}.Release|Any CPU.Build.0 = Release|Any CPU
		{7D67A1FD-A7F3-484D-B773-41728892D2DC}.Debug|Any CPU.ActiveCfg = Debug|Any CPU
		{7D67A1FD-A7F3-484D-B773-41728892D2DC}.Debug|Any CPU.Build.0 = Debug|Any CPU
		{7D67A1FD-A7F3-484D-B773-41728892D2DC}.Release|Any CPU.ActiveCfg = Release|Any CPU
		{7D67A1FD-A7F3-484D-B773-41728892D2DC}.Release|Any CPU.Build.0 = Release|Any CPU
		{E0B607FB-9199-4166-9DD3-2A6A476FB07F}.Debug|Any CPU.ActiveCfg = Debug|Any CPU
		{E0B607FB-9199-4166-9DD3-2A6A476FB07F}.Debug|Any CPU.Build.0 = Debug|Any CPU
		{E0B607FB-9199-4166-9DD3-2A6A476FB07F}.Release|Any CPU.ActiveCfg = Release|Any CPU
		{E0B607FB-9199-4166-9DD3-2A6A476FB07F}.Release|Any CPU.Build.0 = Release|Any CPU
		{90FDD1A7-8AFB-4981-8081-64521A88EB57}.Debug|Any CPU.ActiveCfg = Debug|Any CPU
		{90FDD1A7-8AFB-4981-8081-64521A88EB57}.Debug|Any CPU.Build.0 = Debug|Any CPU
		{90FDD1A7-8AFB-4981-8081-64521A88EB57}.Release|Any CPU.ActiveCfg = Release|Any CPU
		{90FDD1A7-8AFB-4981-8081-64521A88EB57}.Release|Any CPU.Build.0 = Release|Any CPU
		{C186E560-9EC5-4148-9B08-01E34D541891}.Debug|Any CPU.ActiveCfg = Debug|Any CPU
		{C186E560-9EC5-4148-9B08-01E34D541891}.Debug|Any CPU.Build.0 = Debug|Any CPU
		{C186E560-9EC5-4148-9B08-01E34D541891}.Release|Any CPU.ActiveCfg = Release|Any CPU
		{C186E560-9EC5-4148-9B08-01E34D541891}.Release|Any CPU.Build.0 = Release|Any CPU
	EndGlobalSection
	GlobalSection(SolutionProperties) = preSolution
		HideSolutionNode = FALSE
	EndGlobalSection
	GlobalSection(NestedProjects) = preSolution
		{6DB43F98-8DDE-4EF5-9A82-E06E7CE9FF4F} = {0844BCDE-4AF4-454B-B68B-23CC4E5778B1}
		{D56BFEE5-CC87-4AB8-8ED7-51533B5CA86B} = {0844BCDE-4AF4-454B-B68B-23CC4E5778B1}
		{44AA4F65-EA74-46A7-8E0C-53AC5C3795EC} = {0844BCDE-4AF4-454B-B68B-23CC4E5778B1}
		{7E92416A-13BF-4B68-8CA8-61C2C1C93F73} = {0844BCDE-4AF4-454B-B68B-23CC4E5778B1}
		{4ACA01E2-B41A-42DC-865D-538C5E0260C7} = {D56BFEE5-CC87-4AB8-8ED7-51533B5CA86B}
		{66933C6F-6277-48C3-97FB-3CD66A17B001} = {D56BFEE5-CC87-4AB8-8ED7-51533B5CA86B}
		{DE0BB863-15DF-4290-8B36-02C754F69FF7} = {D56BFEE5-CC87-4AB8-8ED7-51533B5CA86B}
		{7A17C92A-2FE9-417F-90EE-B13F4D8A74F8} = {D56BFEE5-CC87-4AB8-8ED7-51533B5CA86B}
		{E4E74294-D053-4416-9DFA-40555D47C6E2} = {6DB43F98-8DDE-4EF5-9A82-E06E7CE9FF4F}
		{29022AF9-FA68-441A-8296-895FC1F2C673} = {6DB43F98-8DDE-4EF5-9A82-E06E7CE9FF4F}
		{E83A21D5-A48E-4158-898B-C4441B1506C7} = {6DB43F98-8DDE-4EF5-9A82-E06E7CE9FF4F}
		{1A095428-2A03-401C-80EE-2B1EA330C4E7} = {6DB43F98-8DDE-4EF5-9A82-E06E7CE9FF4F}
		{CC437683-AADE-4D13-9F7D-A9BB69F68670} = {44AA4F65-EA74-46A7-8E0C-53AC5C3795EC}
		{6B98F256-3281-42A8-BBB2-BEE741004EFD} = {44AA4F65-EA74-46A7-8E0C-53AC5C3795EC}
		{7D67A1FD-A7F3-484D-B773-41728892D2DC} = {44AA4F65-EA74-46A7-8E0C-53AC5C3795EC}
		{E0B607FB-9199-4166-9DD3-2A6A476FB07F} = {0844BCDE-4AF4-454B-B68B-23CC4E5778B1}
		{90FDD1A7-8AFB-4981-8081-64521A88EB57} = {6DB43F98-8DDE-4EF5-9A82-E06E7CE9FF4F}
		{C186E560-9EC5-4148-9B08-01E34D541891} = {44AA4F65-EA74-46A7-8E0C-53AC5C3795EC}
	EndGlobalSection
	GlobalSection(ExtensibilityGlobals) = postSolution
		SolutionGuid = {D02856BC-10F3-4F2B-B5EA-EF5DC87234CE}
	EndGlobalSection
EndGlobal
